
Microsoft Visual Studio Solution File, Format Version 12.00
# Visual Studio Version 17
VisualStudioVersion = 17.2.32630.192
MinimumVisualStudioVersion = 10.0.40219.1
Project("{9A19103F-16F7-4668-BE54-9A1E7A4F7556}") = "ProductsWriteAPI", "PatxiPersianasWriteAPI\ProductsWriteAPI.csproj", "{774BDC95-F5E5-4A9C-B046-93306BEDEBF2}"
EndProject
Project("{2150E333-8FDC-42A3-9474-1A3956D46DE8}") = "01-DAL (Data Access Layer)", "01-DAL (Data Access Layer)", "{D193B1D9-3C21-4AE7-B5C7-1F4E9694D1B9}"
EndProject
Project("{2150E333-8FDC-42A3-9474-1A3956D46DE8}") = "02-BLL (Business Logic Layer)", "02-BLL (Business Logic Layer)", "{E729115B-1798-4FD3-9C0E-A2B26DDFBB72}"
EndProject
Project("{9A19103F-16F7-4668-BE54-9A1E7A4F7556}") = "WriteRepository", "WriteRepository\WriteRepository.csproj", "{EA2845F1-7630-4B34-B753-1352644CF218}"
EndProject
Project("{9A19103F-16F7-4668-BE54-9A1E7A4F7556}") = "IWriteRepository", "IWriteRepository\IWriteRepository.csproj", "{3643294C-0536-4B80-B2B1-2169074E31D2}"
EndProject
Project("{9A19103F-16F7-4668-BE54-9A1E7A4F7556}") = "WriteBusinessLayer", "BusinessLayer\WriteBusinessLayer.csproj", "{DC1CFD7B-EB96-463C-BD29-A42FE370BFA8}"
EndProject
Project("{9A19103F-16F7-4668-BE54-9A1E7A4F7556}") = "IWriteBusinessLayer", "IBusinessLayer\IWriteBusinessLayer.csproj", "{2F44112D-1FFF-4C91-B642-A91673F6E2DA}"
EndProject
Project("{9A19103F-16F7-4668-BE54-9A1E7A4F7556}") = "EntityService", "EntityService\EntityService.csproj", "{E9EA09BE-EF2E-4F12-B982-0A31478F33F3}"
EndProject
Project("{9A19103F-16F7-4668-BE54-9A1E7A4F7556}") = "DBContext", "DBContext\DBContext.csproj", "{3B2CBE4B-4DDA-4650-9736-710A5FC4D5AF}"
EndProject
Project("{2150E333-8FDC-42A3-9474-1A3956D46DE8}") = "ReadRepositories", "ReadRepositories", "{2D08A216-7DDF-4B1A-89DF-61EEE36DDFB0}"
EndProject
Project("{2150E333-8FDC-42A3-9474-1A3956D46DE8}") = "WriteRepositories", "WriteRepositories", "{43FB49F9-8734-44FB-9CCB-FE263B9ACF09}"
EndProject
Project("{9A19103F-16F7-4668-BE54-9A1E7A4F7556}") = "ReadRepositories", "ReadRepositories\ReadRepositories.csproj", "{8EA26E15-ECA5-438B-B39B-6D397D04EF53}"
EndProject
Project("{9A19103F-16F7-4668-BE54-9A1E7A4F7556}") = "IReadRepositories", "IReadRepositories\IReadRepositories.csproj", "{DB15EA3C-C61B-4CE9-A08B-F757A9F6E36C}"
EndProject
Project("{9A19103F-16F7-4668-BE54-9A1E7A4F7556}") = "DTOs", "DTOs\DTOs.csproj", "{E6B43737-11F0-4860-B463-D2A6C1F84E4F}"
EndProject
Project("{9A19103F-16F7-4668-BE54-9A1E7A4F7556}") = "ProductsReadAPI", "PatxiPersianasReadAPI\ProductsReadAPI.csproj", "{0BD115A5-364B-4408-8275-4524185423F1}"
EndProject
Project("{9A19103F-16F7-4668-BE54-9A1E7A4F7556}") = "ReadBusinessLayer", "ReadBusinessLayer\ReadBusinessLayer.csproj", "{D5DEFA7C-D0DB-4703-A0BC-08DB917C0220}"
EndProject
Project("{9A19103F-16F7-4668-BE54-9A1E7A4F7556}") = "IReadBusinessLayer", "IReadBusinessLayer\IReadBusinessLayer.csproj", "{63C9845D-ACD4-4357-9F69-0CC65858074D}"
EndProject
Project("{2150E333-8FDC-42A3-9474-1A3956D46DE8}") = "00-Infrastructure", "00-Infrastructure", "{08C8212D-CD9F-44C8-99EE-50CC10C6FA93}"
EndProject
Project("{9A19103F-16F7-4668-BE54-9A1E7A4F7556}") = "Infrastructure", "Infrastructure\Infrastructure.csproj", "{059A038D-464D-4D94-8C6B-44981FEE0EAE}"
EndProject
Project("{2150E333-8FDC-42A3-9474-1A3956D46DE8}") = "00-Tests", "00-Tests", "{2F7AF0D1-72CB-4A1A-912C-91F291260E59}"
EndProject
Project("{9A19103F-16F7-4668-BE54-9A1E7A4F7556}") = "Test.Common", "Test.Common\Test.Common.csproj", "{6C1A719C-198A-472D-80B0-6B69D9A80C35}"
EndProject
Project("{9A19103F-16F7-4668-BE54-9A1E7A4F7556}") = "Test.Unit", "Test.Unit\Test.Unit.csproj", "{24C2BE46-527E-4C0B-9FD9-82476D41C115}"
EndProject
Project("{9A19103F-16F7-4668-BE54-9A1E7A4F7556}") = "Infrastructure.Register", "Infrastructure.Register\Infrastructure.Register.csproj", "{29325210-5878-4C25-BE39-788E38704E7B}"
EndProject
Project("{FAE04EC0-301F-11D3-BF4B-00C04F79EFBC}") = "Test.Integration", "Test.Integration3\Test.Integration.csproj", "{89A64ADD-CE32-4CDE-977B-5DFDA72C8821}"
EndProject
Global
	GlobalSection(SolutionConfigurationPlatforms) = preSolution
		Debug|Any CPU = Debug|Any CPU
		Release|Any CPU = Release|Any CPU
	EndGlobalSection
	GlobalSection(ProjectConfigurationPlatforms) = postSolution
		{774BDC95-F5E5-4A9C-B046-93306BEDEBF2}.Debug|Any CPU.ActiveCfg = Debug|Any CPU
		{774BDC95-F5E5-4A9C-B046-93306BEDEBF2}.Debug|Any CPU.Build.0 = Debug|Any CPU
		{774BDC95-F5E5-4A9C-B046-93306BEDEBF2}.Release|Any CPU.ActiveCfg = Release|Any CPU
		{774BDC95-F5E5-4A9C-B046-93306BEDEBF2}.Release|Any CPU.Build.0 = Release|Any CPU
		{EA2845F1-7630-4B34-B753-1352644CF218}.Debug|Any CPU.ActiveCfg = Debug|Any CPU
		{EA2845F1-7630-4B34-B753-1352644CF218}.Debug|Any CPU.Build.0 = Debug|Any CPU
		{EA2845F1-7630-4B34-B753-1352644CF218}.Release|Any CPU.ActiveCfg = Release|Any CPU
		{EA2845F1-7630-4B34-B753-1352644CF218}.Release|Any CPU.Build.0 = Release|Any CPU
		{3643294C-0536-4B80-B2B1-2169074E31D2}.Debug|Any CPU.ActiveCfg = Debug|Any CPU
		{3643294C-0536-4B80-B2B1-2169074E31D2}.Debug|Any CPU.Build.0 = Debug|Any CPU
		{3643294C-0536-4B80-B2B1-2169074E31D2}.Release|Any CPU.ActiveCfg = Release|Any CPU
		{3643294C-0536-4B80-B2B1-2169074E31D2}.Release|Any CPU.Build.0 = Release|Any CPU
		{DC1CFD7B-EB96-463C-BD29-A42FE370BFA8}.Debug|Any CPU.ActiveCfg = Debug|Any CPU
		{DC1CFD7B-EB96-463C-BD29-A42FE370BFA8}.Debug|Any CPU.Build.0 = Debug|Any CPU
		{DC1CFD7B-EB96-463C-BD29-A42FE370BFA8}.Release|Any CPU.ActiveCfg = Release|Any CPU
		{DC1CFD7B-EB96-463C-BD29-A42FE370BFA8}.Release|Any CPU.Build.0 = Release|Any CPU
		{2F44112D-1FFF-4C91-B642-A91673F6E2DA}.Debug|Any CPU.ActiveCfg = Debug|Any CPU
		{2F44112D-1FFF-4C91-B642-A91673F6E2DA}.Debug|Any CPU.Build.0 = Debug|Any CPU
		{2F44112D-1FFF-4C91-B642-A91673F6E2DA}.Release|Any CPU.ActiveCfg = Release|Any CPU
		{2F44112D-1FFF-4C91-B642-A91673F6E2DA}.Release|Any CPU.Build.0 = Release|Any CPU
		{E9EA09BE-EF2E-4F12-B982-0A31478F33F3}.Debug|Any CPU.ActiveCfg = Debug|Any CPU
		{E9EA09BE-EF2E-4F12-B982-0A31478F33F3}.Debug|Any CPU.Build.0 = Debug|Any CPU
		{E9EA09BE-EF2E-4F12-B982-0A31478F33F3}.Release|Any CPU.ActiveCfg = Release|Any CPU
		{E9EA09BE-EF2E-4F12-B982-0A31478F33F3}.Release|Any CPU.Build.0 = Release|Any CPU
		{3B2CBE4B-4DDA-4650-9736-710A5FC4D5AF}.Debug|Any CPU.ActiveCfg = Debug|Any CPU
		{3B2CBE4B-4DDA-4650-9736-710A5FC4D5AF}.Debug|Any CPU.Build.0 = Debug|Any CPU
		{3B2CBE4B-4DDA-4650-9736-710A5FC4D5AF}.Release|Any CPU.ActiveCfg = Release|Any CPU
		{3B2CBE4B-4DDA-4650-9736-710A5FC4D5AF}.Release|Any CPU.Build.0 = Release|Any CPU
		{8EA26E15-ECA5-438B-B39B-6D397D04EF53}.Debug|Any CPU.ActiveCfg = Debug|Any CPU
		{8EA26E15-ECA5-438B-B39B-6D397D04EF53}.Debug|Any CPU.Build.0 = Debug|Any CPU
		{8EA26E15-ECA5-438B-B39B-6D397D04EF53}.Release|Any CPU.ActiveCfg = Release|Any CPU
		{8EA26E15-ECA5-438B-B39B-6D397D04EF53}.Release|Any CPU.Build.0 = Release|Any CPU
		{DB15EA3C-C61B-4CE9-A08B-F757A9F6E36C}.Debug|Any CPU.ActiveCfg = Debug|Any CPU
		{DB15EA3C-C61B-4CE9-A08B-F757A9F6E36C}.Debug|Any CPU.Build.0 = Debug|Any CPU
		{DB15EA3C-C61B-4CE9-A08B-F757A9F6E36C}.Release|Any CPU.ActiveCfg = Release|Any CPU
		{DB15EA3C-C61B-4CE9-A08B-F757A9F6E36C}.Release|Any CPU.Build.0 = Release|Any CPU
		{E6B43737-11F0-4860-B463-D2A6C1F84E4F}.Debug|Any CPU.ActiveCfg = Debug|Any CPU
		{E6B43737-11F0-4860-B463-D2A6C1F84E4F}.Debug|Any CPU.Build.0 = Debug|Any CPU
		{E6B43737-11F0-4860-B463-D2A6C1F84E4F}.Release|Any CPU.ActiveCfg = Release|Any CPU
		{E6B43737-11F0-4860-B463-D2A6C1F84E4F}.Release|Any CPU.Build.0 = Release|Any CPU
		{0BD115A5-364B-4408-8275-4524185423F1}.Debug|Any CPU.ActiveCfg = Debug|Any CPU
		{0BD115A5-364B-4408-8275-4524185423F1}.Debug|Any CPU.Build.0 = Debug|Any CPU
		{0BD115A5-364B-4408-8275-4524185423F1}.Release|Any CPU.ActiveCfg = Release|Any CPU
		{0BD115A5-364B-4408-8275-4524185423F1}.Release|Any CPU.Build.0 = Release|Any CPU
		{D5DEFA7C-D0DB-4703-A0BC-08DB917C0220}.Debug|Any CPU.ActiveCfg = Debug|Any CPU
		{D5DEFA7C-D0DB-4703-A0BC-08DB917C0220}.Debug|Any CPU.Build.0 = Debug|Any CPU
		{D5DEFA7C-D0DB-4703-A0BC-08DB917C0220}.Release|Any CPU.ActiveCfg = Release|Any CPU
		{D5DEFA7C-D0DB-4703-A0BC-08DB917C0220}.Release|Any CPU.Build.0 = Release|Any CPU
		{63C9845D-ACD4-4357-9F69-0CC65858074D}.Debug|Any CPU.ActiveCfg = Debug|Any CPU
		{63C9845D-ACD4-4357-9F69-0CC65858074D}.Debug|Any CPU.Build.0 = Debug|Any CPU
		{63C9845D-ACD4-4357-9F69-0CC65858074D}.Release|Any CPU.ActiveCfg = Release|Any CPU
		{63C9845D-ACD4-4357-9F69-0CC65858074D}.Release|Any CPU.Build.0 = Release|Any CPU
		{059A038D-464D-4D94-8C6B-44981FEE0EAE}.Debug|Any CPU.ActiveCfg = Debug|Any CPU
		{059A038D-464D-4D94-8C6B-44981FEE0EAE}.Debug|Any CPU.Build.0 = Debug|Any CPU
		{059A038D-464D-4D94-8C6B-44981FEE0EAE}.Release|Any CPU.ActiveCfg = Release|Any CPU
		{059A038D-464D-4D94-8C6B-44981FEE0EAE}.Release|Any CPU.Build.0 = Release|Any CPU
		{6C1A719C-198A-472D-80B0-6B69D9A80C35}.Debug|Any CPU.ActiveCfg = Debug|Any CPU
		{6C1A719C-198A-472D-80B0-6B69D9A80C35}.Debug|Any CPU.Build.0 = Debug|Any CPU
		{6C1A719C-198A-472D-80B0-6B69D9A80C35}.Release|Any CPU.ActiveCfg = Release|Any CPU
		{6C1A719C-198A-472D-80B0-6B69D9A80C35}.Release|Any CPU.Build.0 = Release|Any CPU
		{24C2BE46-527E-4C0B-9FD9-82476D41C115}.Debug|Any CPU.ActiveCfg = Debug|Any CPU
		{24C2BE46-527E-4C0B-9FD9-82476D41C115}.Debug|Any CPU.Build.0 = Debug|Any CPU
		{24C2BE46-527E-4C0B-9FD9-82476D41C115}.Release|Any CPU.ActiveCfg = Release|Any CPU
		{24C2BE46-527E-4C0B-9FD9-82476D41C115}.Release|Any CPU.Build.0 = Release|Any CPU
		{29325210-5878-4C25-BE39-788E38704E7B}.Debug|Any CPU.ActiveCfg = Debug|Any CPU
		{29325210-5878-4C25-BE39-788E38704E7B}.Debug|Any CPU.Build.0 = Debug|Any CPU
		{29325210-5878-4C25-BE39-788E38704E7B}.Release|Any CPU.ActiveCfg = Release|Any CPU
		{29325210-5878-4C25-BE39-788E38704E7B}.Release|Any CPU.Build.0 = Release|Any CPU
		{89A64ADD-CE32-4CDE-977B-5DFDA72C8821}.Debug|Any CPU.ActiveCfg = Debug|Any CPU
		{89A64ADD-CE32-4CDE-977B-5DFDA72C8821}.Debug|Any CPU.Build.0 = Debug|Any CPU
		{89A64ADD-CE32-4CDE-977B-5DFDA72C8821}.Release|Any CPU.ActiveCfg = Release|Any CPU
		{89A64ADD-CE32-4CDE-977B-5DFDA72C8821}.Release|Any CPU.Build.0 = Release|Any CPU
	EndGlobalSection
	GlobalSection(SolutionProperties) = preSolution
		HideSolutionNode = FALSE
	EndGlobalSection
	GlobalSection(NestedProjects) = preSolution
		{EA2845F1-7630-4B34-B753-1352644CF218} = {43FB49F9-8734-44FB-9CCB-FE263B9ACF09}
		{3643294C-0536-4B80-B2B1-2169074E31D2} = {43FB49F9-8734-44FB-9CCB-FE263B9ACF09}
		{DC1CFD7B-EB96-463C-BD29-A42FE370BFA8} = {E729115B-1798-4FD3-9C0E-A2B26DDFBB72}
		{2F44112D-1FFF-4C91-B642-A91673F6E2DA} = {E729115B-1798-4FD3-9C0E-A2B26DDFBB72}
		{E9EA09BE-EF2E-4F12-B982-0A31478F33F3} = {D193B1D9-3C21-4AE7-B5C7-1F4E9694D1B9}
		{3B2CBE4B-4DDA-4650-9736-710A5FC4D5AF} = {D193B1D9-3C21-4AE7-B5C7-1F4E9694D1B9}
		{2D08A216-7DDF-4B1A-89DF-61EEE36DDFB0} = {D193B1D9-3C21-4AE7-B5C7-1F4E9694D1B9}
		{43FB49F9-8734-44FB-9CCB-FE263B9ACF09} = {D193B1D9-3C21-4AE7-B5C7-1F4E9694D1B9}
		{8EA26E15-ECA5-438B-B39B-6D397D04EF53} = {2D08A216-7DDF-4B1A-89DF-61EEE36DDFB0}
		{DB15EA3C-C61B-4CE9-A08B-F757A9F6E36C} = {2D08A216-7DDF-4B1A-89DF-61EEE36DDFB0}
		{E6B43737-11F0-4860-B463-D2A6C1F84E4F} = {E729115B-1798-4FD3-9C0E-A2B26DDFBB72}
		{D5DEFA7C-D0DB-4703-A0BC-08DB917C0220} = {E729115B-1798-4FD3-9C0E-A2B26DDFBB72}
		{63C9845D-ACD4-4357-9F69-0CC65858074D} = {E729115B-1798-4FD3-9C0E-A2B26DDFBB72}
		{059A038D-464D-4D94-8C6B-44981FEE0EAE} = {08C8212D-CD9F-44C8-99EE-50CC10C6FA93}
		{6C1A719C-198A-472D-80B0-6B69D9A80C35} = {2F7AF0D1-72CB-4A1A-912C-91F291260E59}
		{24C2BE46-527E-4C0B-9FD9-82476D41C115} = {2F7AF0D1-72CB-4A1A-912C-91F291260E59}
		{29325210-5878-4C25-BE39-788E38704E7B} = {08C8212D-CD9F-44C8-99EE-50CC10C6FA93}
		{89A64ADD-CE32-4CDE-977B-5DFDA72C8821} = {2F7AF0D1-72CB-4A1A-912C-91F291260E59}
	EndGlobalSection
	GlobalSection(ExtensibilityGlobals) = postSolution
		SolutionGuid = {84C40449-4998-4A62-A2C2-99E48AA4FFE4}
	EndGlobalSection
EndGlobal
